
Microsoft Visual Studio Solution File, Format Version 12.00
# Visual Studio Version 16
VisualStudioVersion = 16.0.29613.14
MinimumVisualStudioVersion = 10.0.40219.1
Project("{FAE04EC0-301F-11D3-BF4B-00C04F79EFBC}") = "OnThisDay", "OnThisDay\OnThisDay.csproj", "{9DAF91B5-26DF-4BE1-BBB7-A96C7A8AC00B}"
EndProject
Global
	GlobalSection(SolutionConfigurationPlatforms) = preSolution
		Debug|Any CPU = Debug|Any CPU
		Release|Any CPU = Release|Any CPU
	EndGlobalSection
	GlobalSection(ProjectConfigurationPlatforms) = postSolution
		{9DAF91B5-26DF-4BE1-BBB7-A96C7A8AC00B}.Debug|Any CPU.ActiveCfg = Debug|Any CPU
		{9DAF91B5-26DF-4BE1-BBB7-A96C7A8AC00B}.Debug|Any CPU.Build.0 = Debug|Any CPU
		{9DAF91B5-26DF-4BE1-BBB7-A96C7A8AC00B}.Release|Any CPU.ActiveCfg = Release|Any CPU
		{9DAF91B5-26DF-4BE1-BBB7-A96C7A8AC00B}.Release|Any CPU.Build.0 = Release|Any CPU
	EndGlobalSection
	GlobalSection(SolutionProperties) = preSolution
		HideSolutionNode = FALSE
	EndGlobalSection
	GlobalSection(ExtensibilityGlobals) = postSolution
		SolutionGuid = {399C7359-C2CE-4176-9E6C-484830D92129}
	EndGlobalSection
EndGlobal
